
Microsoft Visual Studio Solution File, Format Version 12.00
# Visual Studio Version 17
VisualStudioVersion = 17.11.35327.3
MinimumVisualStudioVersion = 10.0.40219.1
Project("{FAE04EC0-301F-11D3-BF4B-00C04F79EFBC}") = "Psycheflow.Api", "Psycheflow.Api\Psycheflow.Api.csproj", "{119A1F03-F6C3-49AC-B44E-77392747ED66}"
EndProject
Global
	GlobalSection(SolutionConfigurationPlatforms) = preSolution
		Debug|Any CPU = Debug|Any CPU
		Release|Any CPU = Release|Any CPU
	EndGlobalSection
	GlobalSection(ProjectConfigurationPlatforms) = postSolution
		{119A1F03-F6C3-49AC-B44E-77392747ED66}.Debug|Any CPU.ActiveCfg = Debug|Any CPU
		{119A1F03-F6C3-49AC-B44E-77392747ED66}.Debug|Any CPU.Build.0 = Debug|Any CPU
		{119A1F03-F6C3-49AC-B44E-77392747ED66}.Release|Any CPU.ActiveCfg = Release|Any CPU
		{119A1F03-F6C3-49AC-B44E-77392747ED66}.Release|Any CPU.Build.0 = Release|Any CPU
	EndGlobalSection
	GlobalSection(SolutionProperties) = preSolution
		HideSolutionNode = FALSE
	EndGlobalSection
	GlobalSection(ExtensibilityGlobals) = postSolution
		SolutionGuid = {A68669E5-0B98-460C-9DCA-2A8637410A85}
	EndGlobalSection
EndGlobal
